{
  "name": "node-es5",
  "version": "1.0.0",
  "lockfileVersion": 3,
  "requires": true,
  "packages": {
    "": {
      "name": "node-es5",
      "version": "1.0.0",
      "dependencies": {
        "psl": "file:../../dist/psl.es5.cjs"
      }
    },
    "../../dist/psl.es5.cjs": {},
    "node_modules/psl": {
      "resolved": "../../dist/psl.es5.cjs",
      "link": true
    }
  }
}
